
Microsoft Visual Studio Solution File, Format Version 11.00
# Visual Studio 2010
Project("{8BC9CEB8-8B4A-11D0-8D11-00A0C91BC942}") = "_WNDCharmFeatures", "feature_extractor\feature_extractor.vcxproj", "{C229F599-6991-4721-AC12-F2E311B81E98}"
	ProjectSection(ProjectDependencies) = postProject
		{AE9B6F36-BA0B-4A49-8E85-EE226E6022C7} = {AE9B6F36-BA0B-4A49-8E85-EE226E6022C7}
		{EA3DCC95-2423-4EA0-A508-7A427B4C0594} = {EA3DCC95-2423-4EA0-A508-7A427B4C0594}
	EndProjectSection
EndProject
Project("{8BC9CEB8-8B4A-11D0-8D11-00A0C91BC942}") = "LibTIFF", "..\..\..\tiff-4.0.3-Lib\MSVC2010\LibTIFF\LibTIFF.vcxproj", "{7B39915E-B239-437D-B22A-C519084B14FD}"
EndProject
Project("{8BC9CEB8-8B4A-11D0-8D11-00A0C91BC942}") = "libfftw-3.3", "..\..\..\fftw-3.3-Lib\MSVC2010\libfftw-3.3\libfftw-3.3.vcxproj", "{EA3DCC95-2423-4EA0-A508-7A427B4C0594}"
EndProject
Project("{8BC9CEB8-8B4A-11D0-8D11-00A0C91BC942}") = "wndchrm", "..\..\..\windchrm-Lib\MSVC2010\wndchrm\wndchrm\wndchrm.vcxproj", "{AE9B6F36-BA0B-4A49-8E85-EE226E6022C7}"
EndProject
Global
	GlobalSection(SolutionConfigurationPlatforms) = preSolution
		Debug|Win32 = Debug|Win32
		Debug|x64 = Debug|x64
		DLL Debug|Win32 = DLL Debug|Win32
		DLL Debug|x64 = DLL Debug|x64
		DLL Release|Win32 = DLL Release|Win32
		DLL Release|x64 = DLL Release|x64
		LIB Debug|Win32 = LIB Debug|Win32
		LIB Debug|x64 = LIB Debug|x64
		LIB Release|Win32 = LIB Release|Win32
		LIB Release|x64 = LIB Release|x64
		Release|Win32 = Release|Win32
		Release|x64 = Release|x64
		Static-Debug|Win32 = Static-Debug|Win32
		Static-Debug|x64 = Static-Debug|x64
		Static-Release|Win32 = Static-Release|Win32
		Static-Release|x64 = Static-Release|x64
	EndGlobalSection
	GlobalSection(ProjectConfigurationPlatforms) = postSolution
		{C229F599-6991-4721-AC12-F2E311B81E98}.Debug|Win32.ActiveCfg = Debug|Win32
		{C229F599-6991-4721-AC12-F2E311B81E98}.Debug|Win32.Build.0 = Debug|Win32
		{C229F599-6991-4721-AC12-F2E311B81E98}.Debug|x64.ActiveCfg = Debug|x64
		{C229F599-6991-4721-AC12-F2E311B81E98}.Debug|x64.Build.0 = Debug|x64
		{C229F599-6991-4721-AC12-F2E311B81E98}.DLL Debug|Win32.ActiveCfg = Debug|Win32
		{C229F599-6991-4721-AC12-F2E311B81E98}.DLL Debug|Win32.Build.0 = Debug|Win32
		{C229F599-6991-4721-AC12-F2E311B81E98}.DLL Debug|x64.ActiveCfg = Debug|x64
		{C229F599-6991-4721-AC12-F2E311B81E98}.DLL Debug|x64.Build.0 = Debug|x64
		{C229F599-6991-4721-AC12-F2E311B81E98}.DLL Release|Win32.ActiveCfg = Release|Win32
		{C229F599-6991-4721-AC12-F2E311B81E98}.DLL Release|Win32.Build.0 = Release|Win32
		{C229F599-6991-4721-AC12-F2E311B81E98}.DLL Release|x64.ActiveCfg = Release|x64
		{C229F599-6991-4721-AC12-F2E311B81E98}.DLL Release|x64.Build.0 = Release|x64
		{C229F599-6991-4721-AC12-F2E311B81E98}.LIB Debug|Win32.ActiveCfg = Debug|Win32
		{C229F599-6991-4721-AC12-F2E311B81E98}.LIB Debug|Win32.Build.0 = Debug|Win32
		{C229F599-6991-4721-AC12-F2E311B81E98}.LIB Debug|x64.ActiveCfg = Debug|x64
		{C229F599-6991-4721-AC12-F2E311B81E98}.LIB Debug|x64.Build.0 = Debug|x64
		{C229F599-6991-4721-AC12-F2E311B81E98}.LIB Release|Win32.ActiveCfg = Release|Win32
		{C229F599-6991-4721-AC12-F2E311B81E98}.LIB Release|Win32.Build.0 = Release|Win32
		{C229F599-6991-4721-AC12-F2E311B81E98}.LIB Release|x64.ActiveCfg = Release|x64
		{C229F599-6991-4721-AC12-F2E311B81E98}.LIB Release|x64.Build.0 = Release|x64
		{C229F599-6991-4721-AC12-F2E311B81E98}.Release|Win32.ActiveCfg = Release|Win32
		{C229F599-6991-4721-AC12-F2E311B81E98}.Release|Win32.Build.0 = Release|Win32
		{C229F599-6991-4721-AC12-F2E311B81E98}.Release|x64.ActiveCfg = Release|x64
		{C229F599-6991-4721-AC12-F2E311B81E98}.Release|x64.Build.0 = Release|x64
		{C229F599-6991-4721-AC12-F2E311B81E98}.Static-Debug|Win32.ActiveCfg = Debug|Win32
		{C229F599-6991-4721-AC12-F2E311B81E98}.Static-Debug|Win32.Build.0 = Debug|Win32
		{C229F599-6991-4721-AC12-F2E311B81E98}.Static-Debug|x64.ActiveCfg = Debug|x64
		{C229F599-6991-4721-AC12-F2E311B81E98}.Static-Debug|x64.Build.0 = Debug|x64
		{C229F599-6991-4721-AC12-F2E311B81E98}.Static-Release|Win32.ActiveCfg = Release|Win32
		{C229F599-6991-4721-AC12-F2E311B81E98}.Static-Release|Win32.Build.0 = Release|Win32
		{C229F599-6991-4721-AC12-F2E311B81E98}.Static-Release|x64.ActiveCfg = Release|x64
		{C229F599-6991-4721-AC12-F2E311B81E98}.Static-Release|x64.Build.0 = Release|x64
		{7B39915E-B239-437D-B22A-C519084B14FD}.Debug|Win32.ActiveCfg = Debug|Win32
		{7B39915E-B239-437D-B22A-C519084B14FD}.Debug|Win32.Build.0 = Debug|Win32
		{7B39915E-B239-437D-B22A-C519084B14FD}.Debug|x64.ActiveCfg = Debug|x64
		{7B39915E-B239-437D-B22A-C519084B14FD}.Debug|x64.Build.0 = Debug|x64
		{7B39915E-B239-437D-B22A-C519084B14FD}.DLL Debug|Win32.ActiveCfg = Debug|Win32
		{7B39915E-B239-437D-B22A-C519084B14FD}.DLL Debug|Win32.Build.0 = Debug|Win32
		{7B39915E-B239-437D-B22A-C519084B14FD}.DLL Debug|x64.ActiveCfg = Debug|x64
		{7B39915E-B239-437D-B22A-C519084B14FD}.DLL Debug|x64.Build.0 = Debug|x64
		{7B39915E-B239-437D-B22A-C519084B14FD}.DLL Release|Win32.ActiveCfg = Release|Win32
		{7B39915E-B239-437D-B22A-C519084B14FD}.DLL Release|Win32.Build.0 = Release|Win32
		{7B39915E-B239-437D-B22A-C519084B14FD}.DLL Release|x64.ActiveCfg = Release|x64
		{7B39915E-B239-437D-B22A-C519084B14FD}.DLL Release|x64.Build.0 = Release|x64
		{7B39915E-B239-437D-B22A-C519084B14FD}.LIB Debug|Win32.ActiveCfg = Debug|Win32
		{7B39915E-B239-437D-B22A-C519084B14FD}.LIB Debug|Win32.Build.0 = Debug|Win32
		{7B39915E-B239-437D-B22A-C519084B14FD}.LIB Debug|x64.ActiveCfg = Debug|x64
		{7B39915E-B239-437D-B22A-C519084B14FD}.LIB Debug|x64.Build.0 = Debug|x64
		{7B39915E-B239-437D-B22A-C519084B14FD}.LIB Release|Win32.ActiveCfg = Release|Win32
		{7B39915E-B239-437D-B22A-C519084B14FD}.LIB Release|Win32.Build.0 = Release|Win32
		{7B39915E-B239-437D-B22A-C519084B14FD}.LIB Release|x64.ActiveCfg = Release|x64
		{7B39915E-B239-437D-B22A-C519084B14FD}.LIB Release|x64.Build.0 = Release|x64
		{7B39915E-B239-437D-B22A-C519084B14FD}.Release|Win32.ActiveCfg = Release|Win32
		{7B39915E-B239-437D-B22A-C519084B14FD}.Release|Win32.Build.0 = Release|Win32
		{7B39915E-B239-437D-B22A-C519084B14FD}.Release|x64.ActiveCfg = Release|x64
		{7B39915E-B239-437D-B22A-C519084B14FD}.Release|x64.Build.0 = Release|x64
		{7B39915E-B239-437D-B22A-C519084B14FD}.Static-Debug|Win32.ActiveCfg = Debug|Win32
		{7B39915E-B239-437D-B22A-C519084B14FD}.Static-Debug|Win32.Build.0 = Debug|Win32
		{7B39915E-B239-437D-B22A-C519084B14FD}.Static-Debug|x64.ActiveCfg = Debug|x64
		{7B39915E-B239-437D-B22A-C519084B14FD}.Static-Debug|x64.Build.0 = Debug|x64
		{7B39915E-B239-437D-B22A-C519084B14FD}.Static-Release|Win32.ActiveCfg = Release|Win32
		{7B39915E-B239-437D-B22A-C519084B14FD}.Static-Release|Win32.Build.0 = Release|Win32
		{7B39915E-B239-437D-B22A-C519084B14FD}.Static-Release|x64.ActiveCfg = Release|x64
		{7B39915E-B239-437D-B22A-C519084B14FD}.Static-Release|x64.Build.0 = Release|x64
		{EA3DCC95-2423-4EA0-A508-7A427B4C0594}.Debug|Win32.ActiveCfg = Debug|Win32
		{EA3DCC95-2423-4EA0-A508-7A427B4C0594}.Debug|Win32.Build.0 = Debug|Win32
		{EA3DCC95-2423-4EA0-A508-7A427B4C0594}.Debug|x64.ActiveCfg = Debug|x64
		{EA3DCC95-2423-4EA0-A508-7A427B4C0594}.Debug|x64.Build.0 = Debug|x64
		{EA3DCC95-2423-4EA0-A508-7A427B4C0594}.DLL Debug|Win32.ActiveCfg = Debug|Win32
		{EA3DCC95-2423-4EA0-A508-7A427B4C0594}.DLL Debug|Win32.Build.0 = Debug|Win32
		{EA3DCC95-2423-4EA0-A508-7A427B4C0594}.DLL Debug|x64.ActiveCfg = Debug|x64
		{EA3DCC95-2423-4EA0-A508-7A427B4C0594}.DLL Debug|x64.Build.0 = Debug|x64
		{EA3DCC95-2423-4EA0-A508-7A427B4C0594}.DLL Release|Win32.ActiveCfg = Release|Win32
		{EA3DCC95-2423-4EA0-A508-7A427B4C0594}.DLL Release|Win32.Build.0 = Release|Win32
		{EA3DCC95-2423-4EA0-A508-7A427B4C0594}.DLL Release|x64.ActiveCfg = Release|x64
		{EA3DCC95-2423-4EA0-A508-7A427B4C0594}.DLL Release|x64.Build.0 = Release|x64
		{EA3DCC95-2423-4EA0-A508-7A427B4C0594}.LIB Debug|Win32.ActiveCfg = Debug|Win32
		{EA3DCC95-2423-4EA0-A508-7A427B4C0594}.LIB Debug|Win32.Build.0 = Debug|Win32
		{EA3DCC95-2423-4EA0-A508-7A427B4C0594}.LIB Debug|x64.ActiveCfg = Debug|x64
		{EA3DCC95-2423-4EA0-A508-7A427B4C0594}.LIB Debug|x64.Build.0 = Debug|x64
		{EA3DCC95-2423-4EA0-A508-7A427B4C0594}.LIB Release|Win32.ActiveCfg = Release|Win32
		{EA3DCC95-2423-4EA0-A508-7A427B4C0594}.LIB Release|Win32.Build.0 = Release|Win32
		{EA3DCC95-2423-4EA0-A508-7A427B4C0594}.LIB Release|x64.ActiveCfg = Release|x64
		{EA3DCC95-2423-4EA0-A508-7A427B4C0594}.LIB Release|x64.Build.0 = Release|x64
		{EA3DCC95-2423-4EA0-A508-7A427B4C0594}.Release|Win32.ActiveCfg = Release|Win32
		{EA3DCC95-2423-4EA0-A508-7A427B4C0594}.Release|Win32.Build.0 = Release|Win32
		{EA3DCC95-2423-4EA0-A508-7A427B4C0594}.Release|x64.ActiveCfg = Release|x64
		{EA3DCC95-2423-4EA0-A508-7A427B4C0594}.Release|x64.Build.0 = Release|x64
		{EA3DCC95-2423-4EA0-A508-7A427B4C0594}.Static-Debug|Win32.ActiveCfg = Static-Debug|Win32
		{EA3DCC95-2423-4EA0-A508-7A427B4C0594}.Static-Debug|Win32.Build.0 = Static-Debug|Win32
		{EA3DCC95-2423-4EA0-A508-7A427B4C0594}.Static-Debug|x64.ActiveCfg = Static-Debug|x64
		{EA3DCC95-2423-4EA0-A508-7A427B4C0594}.Static-Debug|x64.Build.0 = Static-Debug|x64
		{EA3DCC95-2423-4EA0-A508-7A427B4C0594}.Static-Release|Win32.ActiveCfg = Static-Release|Win32
		{EA3DCC95-2423-4EA0-A508-7A427B4C0594}.Static-Release|Win32.Build.0 = Static-Release|Win32
		{EA3DCC95-2423-4EA0-A508-7A427B4C0594}.Static-Release|x64.ActiveCfg = Static-Release|x64
		{EA3DCC95-2423-4EA0-A508-7A427B4C0594}.Static-Release|x64.Build.0 = Static-Release|x64
		{AE9B6F36-BA0B-4A49-8E85-EE226E6022C7}.Debug|Win32.ActiveCfg = Debug|Win32
		{AE9B6F36-BA0B-4A49-8E85-EE226E6022C7}.Debug|Win32.Build.0 = Debug|Win32
		{AE9B6F36-BA0B-4A49-8E85-EE226E6022C7}.Debug|x64.ActiveCfg = Debug|x64
		{AE9B6F36-BA0B-4A49-8E85-EE226E6022C7}.Debug|x64.Build.0 = Debug|x64
		{AE9B6F36-BA0B-4A49-8E85-EE226E6022C7}.DLL Debug|Win32.ActiveCfg = Debug|Win32
		{AE9B6F36-BA0B-4A49-8E85-EE226E6022C7}.DLL Debug|Win32.Build.0 = Debug|Win32
		{AE9B6F36-BA0B-4A49-8E85-EE226E6022C7}.DLL Debug|x64.ActiveCfg = Debug|x64
		{AE9B6F36-BA0B-4A49-8E85-EE226E6022C7}.DLL Debug|x64.Build.0 = Debug|x64
		{AE9B6F36-BA0B-4A49-8E85-EE226E6022C7}.DLL Release|Win32.ActiveCfg = Release|Win32
		{AE9B6F36-BA0B-4A49-8E85-EE226E6022C7}.DLL Release|Win32.Build.0 = Release|Win32
		{AE9B6F36-BA0B-4A49-8E85-EE226E6022C7}.DLL Release|x64.ActiveCfg = Release|x64
		{AE9B6F36-BA0B-4A49-8E85-EE226E6022C7}.DLL Release|x64.Build.0 = Release|x64
		{AE9B6F36-BA0B-4A49-8E85-EE226E6022C7}.LIB Debug|Win32.ActiveCfg = Debug|Win32
		{AE9B6F36-BA0B-4A49-8E85-EE226E6022C7}.LIB Debug|Win32.Build.0 = Debug|Win32
		{AE9B6F36-BA0B-4A49-8E85-EE226E6022C7}.LIB Debug|x64.ActiveCfg = Debug|x64
		{AE9B6F36-BA0B-4A49-8E85-EE226E6022C7}.LIB Debug|x64.Build.0 = Debug|x64
		{AE9B6F36-BA0B-4A49-8E85-EE226E6022C7}.LIB Release|Win32.ActiveCfg = Release|Win32
		{AE9B6F36-BA0B-4A49-8E85-EE226E6022C7}.LIB Release|Win32.Build.0 = Release|Win32
		{AE9B6F36-BA0B-4A49-8E85-EE226E6022C7}.LIB Release|x64.ActiveCfg = Release|x64
		{AE9B6F36-BA0B-4A49-8E85-EE226E6022C7}.LIB Release|x64.Build.0 = Release|x64
		{AE9B6F36-BA0B-4A49-8E85-EE226E6022C7}.Release|Win32.ActiveCfg = Release|Win32
		{AE9B6F36-BA0B-4A49-8E85-EE226E6022C7}.Release|Win32.Build.0 = Release|Win32
		{AE9B6F36-BA0B-4A49-8E85-EE226E6022C7}.Release|x64.ActiveCfg = Release|x64
		{AE9B6F36-BA0B-4A49-8E85-EE226E6022C7}.Release|x64.Build.0 = Release|x64
		{AE9B6F36-BA0B-4A49-8E85-EE226E6022C7}.Static-Debug|Win32.ActiveCfg = Debug|Win32
		{AE9B6F36-BA0B-4A49-8E85-EE226E6022C7}.Static-Debug|Win32.Build.0 = Debug|Win32
		{AE9B6F36-BA0B-4A49-8E85-EE226E6022C7}.Static-Debug|x64.ActiveCfg = Debug|x64
		{AE9B6F36-BA0B-4A49-8E85-EE226E6022C7}.Static-Debug|x64.Build.0 = Debug|x64
		{AE9B6F36-BA0B-4A49-8E85-EE226E6022C7}.Static-Release|Win32.ActiveCfg = Release|Win32
		{AE9B6F36-BA0B-4A49-8E85-EE226E6022C7}.Static-Release|Win32.Build.0 = Release|Win32
		{AE9B6F36-BA0B-4A49-8E85-EE226E6022C7}.Static-Release|x64.ActiveCfg = Release|x64
		{AE9B6F36-BA0B-4A49-8E85-EE226E6022C7}.Static-Release|x64.Build.0 = Release|x64
	EndGlobalSection
	GlobalSection(SolutionProperties) = preSolution
		HideSolutionNode = FALSE
	EndGlobalSection
EndGlobal
