<?xml version="1.0" encoding="utf-8"?>
<Project ToolsVersion="4.0" xmlns="http://schemas.microsoft.com/developer/msbuild/2003">
  <ItemGroup>
    <Filter Include="Source Files">
      <UniqueIdentifier>{4FC737F1-C7A5-4376-A066-2A32D752A2FF}</UniqueIdentifier>
      <Extensions>cpp;c;cc;cxx;def;odl;idl;hpj;bat;asm;asmx</Extensions>
    </Filter>
    <Filter Include="Header Files">
      <UniqueIdentifier>{93995380-89BD-4b04-88EB-625FBE52EBFB}</UniqueIdentifier>
      <Extensions>h;hpp;hxx;hm;inl;inc;xsd</Extensions>
    </Filter>
    <Filter Include="Resource Files">
      <UniqueIdentifier>{67DA6AB6-F800-4c08-8B7A-83BB121AAD01}</UniqueIdentifier>
      <Extensions>rc;ico;cur;bmp;dlg;rc2;rct;bin;rgs;gif;jpg;jpeg;jpe;resx;tiff;tif;png;wav;mfcribbon-ms</Extensions>
    </Filter>
    <Filter Include="Source Files\AddressLib">
      <UniqueIdentifier>{fab9fa5b-6c54-4fe5-800a-a701778fa98d}</UniqueIdentifier>
    </Filter>
    <Filter Include="Source Files\Descritpors">
      <UniqueIdentifier>{11f10665-70bf-4185-ad99-16592c2286c6}</UniqueIdentifier>
    </Filter>
    <Filter Include="Source Files\Extraction">
      <UniqueIdentifier>{23bd84cd-7aa3-4f41-8294-272760f39661}</UniqueIdentifier>
    </Filter>
  </ItemGroup>
  <ItemGroup>
    <None Include="ReadMe.txt" />
  </ItemGroup>
  <ItemGroup>
    <ClCompile Include="..\..\..\Source\Convert.cpp">
      <Filter>Source Files</Filter>
    </ClCompile>
    <ClCompile Include="..\..\..\Source\Feature.cpp">
      <Filter>Source Files</Filter>
    </ClCompile>
    <ClCompile Include="..\..\..\Source\Frame.cpp">
      <Filter>Source Files</Filter>
    </ClCompile>
    <ClCompile Include="..\..\..\Source\AddressLib\address.c">
      <Filter>Source Files\AddressLib</Filter>
    </ClCompile>
    <ClCompile Include="..\..\..\Source\AddressLib\inter.c">
      <Filter>Source Files\AddressLib</Filter>
    </ClCompile>
    <ClCompile Include="..\..\..\Source\AddressLib\intra.c">
      <Filter>Source Files\AddressLib</Filter>
    </ClCompile>
    <ClCompile Include="..\..\..\Source\AddressLib\nhood.c">
      <Filter>Source Files\AddressLib</Filter>
    </ClCompile>
    <ClCompile Include="..\..\..\Source\AddressLib\vopio.c">
      <Filter>Source Files\AddressLib</Filter>
    </ClCompile>
    <ClCompile Include="..\..\..\Source\Descriptors\ColorLayout.cpp">
      <Filter>Source Files\Descritpors</Filter>
    </ClCompile>
    <ClCompile Include="..\..\..\Source\Descriptors\ColorQuant.cpp">
      <Filter>Source Files\Descritpors</Filter>
    </ClCompile>
    <ClCompile Include="..\..\..\Source\Descriptors\ColorSpace.cpp">
      <Filter>Source Files\Descritpors</Filter>
    </ClCompile>
    <ClCompile Include="..\..\..\Source\Descriptors\ColorStructure.cpp">
      <Filter>Source Files\Descritpors</Filter>
    </ClCompile>
    <ClCompile Include="..\..\..\Source\Descriptors\ContourShape.cpp">
      <Filter>Source Files\Descritpors</Filter>
    </ClCompile>
    <ClCompile Include="..\..\..\Source\Descriptors\DominantColor.cpp">
      <Filter>Source Files\Descritpors</Filter>
    </ClCompile>
    <ClCompile Include="..\..\..\Source\Descriptors\EdgeHist.cpp">
      <Filter>Source Files\Descritpors</Filter>
    </ClCompile>
    <ClCompile Include="..\..\..\Source\Descriptors\FaceRecognition.cpp">
      <Filter>Source Files\Descritpors</Filter>
    </ClCompile>
    <ClCompile Include="..\..\..\Source\Descriptors\HomoTexture.cpp">
      <Filter>Source Files\Descritpors</Filter>
    </ClCompile>
    <ClCompile Include="..\..\..\Source\Descriptors\RegionShape.cpp">
      <Filter>Source Files\Descritpors</Filter>
    </ClCompile>
    <ClCompile Include="..\..\..\Source\Descriptors\ScalableColor.cpp">
      <Filter>Source Files\Descritpors</Filter>
    </ClCompile>
    <ClCompile Include="..\..\..\Source\Extraction\ColorLayoutExtraction.cpp">
      <Filter>Source Files\Extraction</Filter>
    </ClCompile>
    <ClCompile Include="..\..\..\Source\Extraction\ColorSpaceExtraction.cpp">
      <Filter>Source Files\Extraction</Filter>
    </ClCompile>
    <ClCompile Include="..\..\..\Source\Extraction\ColorStructureExtraction.cpp">
      <Filter>Source Files\Extraction</Filter>
    </ClCompile>
    <ClCompile Include="..\..\..\Source\Extraction\ContourShapeExtraction.cpp">
      <Filter>Source Files\Extraction</Filter>
    </ClCompile>
    <ClCompile Include="..\..\..\Source\Extraction\DominantColorExtraction.cpp">
      <Filter>Source Files\Extraction</Filter>
    </ClCompile>
    <ClCompile Include="..\..\..\Source\Extraction\EdgeHistExtraction.cpp">
      <Filter>Source Files\Extraction</Filter>
    </ClCompile>
    <ClCompile Include="..\..\..\Source\Extraction\FaceRecognitionExtraction.cpp">
      <Filter>Source Files\Extraction</Filter>
    </ClCompile>
    <ClCompile Include="..\..\..\Source\Extraction\GoFGoPColorExtraction.cpp">
      <Filter>Source Files\Extraction</Filter>
    </ClCompile>
    <ClCompile Include="..\..\..\Source\Extraction\homo_texture_extractor.cpp">
      <Filter>Source Files\Extraction</Filter>
    </ClCompile>
    <ClCompile Include="..\..\..\Source\Extraction\HomoTextureExtraction.cpp">
      <Filter>Source Files\Extraction</Filter>
    </ClCompile>
    <ClCompile Include="..\..\..\Source\Extraction\imgutil.c">
      <Filter>Source Files\Extraction</Filter>
    </ClCompile>
    <ClCompile Include="..\..\..\Source\Extraction\RegionShapeExtraction.cpp">
      <Filter>Source Files\Extraction</Filter>
    </ClCompile>
    <ClCompile Include="..\..\..\Source\Extraction\ScalableColorExtraction.cpp">
      <Filter>Source Files\Extraction</Filter>
    </ClCompile>
  </ItemGroup>
</Project>